// !$*UTF8*$!
{
	archiveVersion = 1;
	classes = {
	};
	objectVersion = 46;
	objects = {

/* Begin PBXBuildFile section */
		2CA779AE1DC2E10200BDDBD7 /* AppDelegate.swift in Sources */ = {isa = PBXBuildFile; fileRef = 2CA779AD1DC2E10200BDDBD7 /* AppDelegate.swift */; };
		2CA779B01DC2E10200BDDBD7 /* ViewController.swift in Sources */ = {isa = PBXBuildFile; fileRef = 2CA779AF1DC2E10200BDDBD7 /* ViewController.swift */; };
		2CA779B31DC2E10200BDDBD7 /* Main.storyboard in Resources */ = {isa = PBXBuildFile; fileRef = 2CA779B11DC2E10200BDDBD7 /* Main.storyboard */; };
		2CA779B51DC2E10200BDDBD7 /* Assets.xcassets in Resources */ = {isa = PBXBuildFile; fileRef = 2CA779B41DC2E10200BDDBD7 /* Assets.xcassets */; };
		2CA779B81DC2E10200BDDBD7 /* LaunchScreen.storyboard in Resources */ = {isa = PBXBuildFile; fileRef = 2CA779B61DC2E10200BDDBD7 /* LaunchScreen.storyboard */; };
		2CA779C31DC2E10200BDDBD7 /* webviewTests.swift in Sources */ = {isa = PBXBuildFile; fileRef = 2CA779C21DC2E10200BDDBD7 /* webviewTests.swift */; };
		2CA779CE1DC2E10200BDDBD7 /* webviewUITests.swift in Sources */ = {isa = PBXBuildFile; fileRef = 2CA779CD1DC2E10200BDDBD7 /* webviewUITests.swift */; };
/* End PBXBuildFile section */

/* Begin PBXContainerItemProxy section */
		2CA779BF1DC2E10200BDDBD7 /* PBXContainerItemProxy */ = {
			isa = PBXContainerItemProxy;
			containerPortal = 2CA779A21DC2E10100BDDBD7 /* Project object */;
			proxyType = 1;
			remoteGlobalIDString = 2CA779A91DC2E10100BDDBD7;
			remoteInfo = webview;
		};
		2CA779CA1DC2E10200BDDBD7 /* PBXContainerItemProxy */ = {
			isa = PBXContainerItemProxy;
			containerPortal = 2CA779A21DC2E10100BDDBD7 /* Project object */;
			proxyType = 1;
			remoteGlobalIDString = 2CA779A91DC2E10100BDDBD7;
			remoteInfo = webview;
		};
/* End PBXContainerItemProxy section */

/* Begin PBXFileReference section */
		2CA779AA1DC2E10200BDDBD7 /* webview.app */ = {isa = PBXFileReference; explicitFileType = wrapper.application; includeInIndex = 0; path = webview.app; sourceTree = BUILT_PRODUCTS_DIR; };
		2CA779AD1DC2E10200BDDBD7 /* AppDelegate.swift */ = {isa = PBXFileReference; lastKnownFileType = sourcecode.swift; path = AppDelegate.swift; sourceTree = "<group>"; };
		2CA779AF1DC2E10200BDDBD7 /* ViewController.swift */ = {isa = PBXFileReference; lastKnownFileType = sourcecode.swift; path = ViewController.swift; sourceTree = "<group>"; };
		2CA779B21DC2E10200BDDBD7 /* Base */ = {isa = PBXFileReference; lastKnownFileType = file.storyboard; name = Base; path = Base.lproj/Main.storyboard; sourceTree = "<group>"; };
		2CA779B41DC2E10200BDDBD7 /* Assets.xcassets */ = {isa = PBXFileReference; lastKnownFileType = folder.assetcatalog; path = Assets.xcassets; sourceTree = "<group>"; };
		2CA779B71DC2E10200BDDBD7 /* Base */ = {isa = PBXFileReference; lastKnownFileType = file.storyboard; name = Base; path = Base.lproj/LaunchScreen.storyboard; sourceTree = "<group>"; };
		2CA779B91DC2E10200BDDBD7 /* Info.plist */ = {isa = PBXFileReference; lastKnownFileType = text.plist.xml; path = Info.plist; sourceTree = "<group>"; };
		2CA779BE1DC2E10200BDDBD7 /* webviewTests.xctest */ = {isa = PBXFileReference; explicitFileType = wrapper.cfbundle; includeInIndex = 0; path = webviewTests.xctest; sourceTree = BUILT_PRODUCTS_DIR; };
		2CA779C21DC2E10200BDDBD7 /* webviewTests.swift */ = {isa = PBXFileReference; lastKnownFileType = sourcecode.swift; path = webviewTests.swift; sourceTree = "<group>"; };
		2CA779C41DC2E10200BDDBD7 /* Info.plist */ = {isa = PBXFileReference; lastKnownFileType = text.plist.xml; path = Info.plist; sourceTree = "<group>"; };
		2CA779C91DC2E10200BDDBD7 /* webviewUITests.xctest */ = {isa = PBXFileReference; explicitFileType = wrapper.cfbundle; includeInIndex = 0; path = webviewUITests.xctest; sourceTree = BUILT_PRODUCTS_DIR; };
		2CA779CD1DC2E10200BDDBD7 /* webviewUITests.swift */ = {isa = PBXFileReference; lastKnownFileType = sourcecode.swift; path = webviewUITests.swift; sourceTree = "<group>"; };
		2CA779CF1DC2E10200BDDBD7 /* Info.plist */ = {isa = PBXFileReference; lastKnownFileType = text.plist.xml; path = Info.plist; sourceTree = "<group>"; };
/* End PBXFileReference section */

/* Begin PBXFrameworksBuildPhase section */
		2CA779A71DC2E10100BDDBD7 /* Frameworks */ = {
			isa = PBXFrameworksBuildPhase;
			buildActionMask = 2147483647;
			files = (
			);
			runOnlyForDeploymentPostprocessing = 0;
		};
		2CA779BB1DC2E10200BDDBD7 /* Frameworks */ = {
			isa = PBXFrameworksBuildPhase;
			buildActionMask = 2147483647;
			files = (
			);
			runOnlyForDeploymentPostprocessing = 0;
		};
		2CA779C61DC2E10200BDDBD7 /* Frameworks */ = {
			isa = PBXFrameworksBuildPhase;
			buildActionMask = 2147483647;
			files = (
			);
			runOnlyForDeploymentPostprocessing = 0;
		};
/* End PBXFrameworksBuildPhase section */

/* Begin PBXGroup section */
		2CA779A11DC2E10100BDDBD7 = {
			isa = PBXGroup;
			children = (
				2CA779AC1DC2E10200BDDBD7 /* webview */,
				2CA779C11DC2E10200BDDBD7 /* webviewTests */,
				2CA779CC1DC2E10200BDDBD7 /* webviewUITests */,
				2CA779AB1DC2E10200BDDBD7 /* Products */,
			);
			sourceTree = "<group>";
		};
		2CA779AB1DC2E10200BDDBD7 /* Products */ = {
			isa = PBXGroup;
			children = (
				2CA779AA1DC2E10200BDDBD7 /* webview.app */,
				2CA779BE1DC2E10200BDDBD7 /* webviewTests.xctest */,
				2CA779C91DC2E10200BDDBD7 /* webviewUITests.xctest */,
			);
			name = Products;
			sourceTree = "<group>";
		};
		2CA779AC1DC2E10200BDDBD7 /* webview */ = {
			isa = PBXGroup;
			children = (
				2CA779AD1DC2E10200BDDBD7 /* AppDelegate.swift */,
				2CA779AF1DC2E10200BDDBD7 /* ViewController.swift */,
				2CA779B11DC2E10200BDDBD7 /* Main.storyboard */,
				2CA779B41DC2E10200BDDBD7 /* Assets.xcassets */,
				2CA779B61DC2E10200BDDBD7 /* LaunchScreen.storyboard */,
				2CA779B91DC2E10200BDDBD7 /* Info.plist */,
			);
			path = webview;
			sourceTree = "<group>";
		};
		2CA779C11DC2E10200BDDBD7 /* webviewTests */ = {
			isa = PBXGroup;
			children = (
				2CA779C21DC2E10200BDDBD7 /* webviewTests.swift */,
				2CA779C41DC2E10200BDDBD7 /* Info.plist */,
			);
			path = webviewTests;
			sourceTree = "<group>";
		};
		2CA779CC1DC2E10200BDDBD7 /* webviewUITests */ = {
			isa = PBXGroup;
			children = (
				2CA779CD1DC2E10200BDDBD7 /* webviewUITests.swift */,
				2CA779CF1DC2E10200BDDBD7 /* Info.plist */,
			);
			path = webviewUITests;
			sourceTree = "<group>";
		};
/* End PBXGroup section */

/* Begin PBXNativeTarget section */
		2CA779A91DC2E10100BDDBD7 /* webview */ = {
			isa = PBXNativeTarget;
			buildConfigurationList = 2CA779D21DC2E10200BDDBD7 /* Build configuration list for PBXNativeTarget "webview" */;
			buildPhases = (
				2CA779A61DC2E10100BDDBD7 /* Sources */,
				2CA779A71DC2E10100BDDBD7 /* Frameworks */,
				2CA779A81DC2E10100BDDBD7 /* Resources */,
			);
			buildRules = (
			);
			dependencies = (
			);
			name = webview;
			productName = webview;
			productReference = 2CA779AA1DC2E10200BDDBD7 /* webview.app */;
			productType = "com.apple.product-type.application";
		};
		2CA779BD1DC2E10200BDDBD7 /* webviewTests */ = {
			isa = PBXNativeTarget;
			buildConfigurationList = 2CA779D51DC2E10200BDDBD7 /* Build configuration list for PBXNativeTarget "webviewTests" */;
			buildPhases = (
				2CA779BA1DC2E10200BDDBD7 /* Sources */,
				2CA779BB1DC2E10200BDDBD7 /* Frameworks */,
				2CA779BC1DC2E10200BDDBD7 /* Resources */,
			);
			buildRules = (
			);
			dependencies = (
				2CA779C01DC2E10200BDDBD7 /* PBXTargetDependency */,
			);
			name = webviewTests;
			productName = webviewTests;
			productReference = 2CA779BE1DC2E10200BDDBD7 /* webviewTests.xctest */;
			productType = "com.apple.product-type.bundle.unit-test";
		};
		2CA779C81DC2E10200BDDBD7 /* webviewUITests */ = {
			isa = PBXNativeTarget;
			buildConfigurationList = 2CA779D81DC2E10200BDDBD7 /* Build configuration list for PBXNativeTarget "webviewUITests" */;
			buildPhases = (
				2CA779C51DC2E10200BDDBD7 /* Sources */,
				2CA779C61DC2E10200BDDBD7 /* Frameworks */,
				2CA779C71DC2E10200BDDBD7 /* Resources */,
			);
			buildRules = (
			);
			dependencies = (
				2CA779CB1DC2E10200BDDBD7 /* PBXTargetDependency */,
			);
			name = webviewUITests;
			productName = webviewUITests;
			productReference = 2CA779C91DC2E10200BDDBD7 /* webviewUITests.xctest */;
			productType = "com.apple.product-type.bundle.ui-testing";
		};
/* End PBXNativeTarget section */

/* Begin PBXProject section */
		2CA779A21DC2E10100BDDBD7 /* Project object */ = {
			isa = PBXProject;
			attributes = {
				LastSwiftUpdateCheck = 0730;
				LastUpgradeCheck = 0730;
				ORGANIZATIONNAME = "pankaj kumar";
				TargetAttributes = {
					2CA779A91DC2E10100BDDBD7 = {
						CreatedOnToolsVersion = 7.3.1;
					};
					2CA779BD1DC2E10200BDDBD7 = {
						CreatedOnToolsVersion = 7.3.1;
						TestTargetID = 2CA779A91DC2E10100BDDBD7;
					};
					2CA779C81DC2E10200BDDBD7 = {
						CreatedOnToolsVersion = 7.3.1;
						TestTargetID = 2CA779A91DC2E10100BDDBD7;
					};
				};
			};
			buildConfigurationList = 2CA779A51DC2E10100BDDBD7 /* Build configuration list for PBXProject "webview" */;
			compatibilityVersion = "Xcode 3.2";
			developmentRegion = English;
			hasScannedForEncodings = 0;
			knownRegions = (
				en,
				Base,
			);
			mainGroup = 2CA779A11DC2E10100BDDBD7;
			productRefGroup = 2CA779AB1DC2E10200BDDBD7 /* Products */;
			projectDirPath = "";
			projectRoot = "";
			targets = (
				2CA779A91DC2E10100BDDBD7 /* webview */,
				2CA779BD1DC2E10200BDDBD7 /* webviewTests */,
				2CA779C81DC2E10200BDDBD7 /* webviewUITests */,
			);
		};
/* End PBXProject section */

/* Begin PBXResourcesBuildPhase section */
		2CA779A81DC2E10100BDDBD7 /* Resources */ = {
			isa = PBXResourcesBuildPhase;
			buildActionMask = 2147483647;
			files = (
				2CA779B81DC2E10200BDDBD7 /* LaunchScreen.storyboard in Resources */,
				2CA779B51DC2E10200BDDBD7 /* Assets.xcassets in Resources */,
				2CA779B31DC2E10200BDDBD7 /* Main.storyboard in Resources */,
			);
			runOnlyForDeploymentPostprocessing = 0;
		};
		2CA779BC1DC2E10200BDDBD7 /* Resources */ = {
			isa = PBXResourcesBuildPhase;
			buildActionMask = 2147483647;
			files = (
			);
			runOnlyForDeploymentPostprocessing = 0;
		};
		2CA779C71DC2E10200BDDBD7 /* Resources */ = {
			isa = PBXResourcesBuildPhase;
			buildActionMask = 2147483647;
			files = (
			);
			runOnlyForDeploymentPostprocessing = 0;
		};
/* End PBXResourcesBuildPhase section */

/* Begin PBXSourcesBuildPhase section */
		2CA779A61DC2E10100BDDBD7 /* Sources */ = {
			isa = PBXSourcesBuildPhase;
			buildActionMask = 2147483647;
			files = (
				2CA779B01DC2E10200BDDBD7 /* ViewController.swift in Sources */,
				2CA779AE1DC2E10200BDDBD7 /* AppDelegate.swift in Sources */,
			);
			runOnlyForDeploymentPostprocessing = 0;
		};
		2CA779BA1DC2E10200BDDBD7 /* Sources */ = {
			isa = PBXSourcesBuildPhase;
			buildActionMask = 2147483647;
			files = (
				2CA779C31DC2E10200BDDBD7 /* webviewTests.swift in Sources */,
			);
			runOnlyForDeploymentPostprocessing = 0;
		};
		2CA779C51DC2E10200BDDBD7 /* Sources */ = {
			isa = PBXSourcesBuildPhase;
			buildActionMask = 2147483647;
			files = (
				2CA779CE1DC2E10200BDDBD7 /* webviewUITests.swift in Sources */,
			);
			runOnlyForDeploymentPostprocessing = 0;
		};
/* End PBXSourcesBuildPhase section */

/* Begin PBXTargetDependency section */
		2CA779C01DC2E10200BDDBD7 /* PBXTargetDependency */ = {
			isa = PBXTargetDependency;
			target = 2CA779A91DC2E10100BDDBD7 /* webview */;
			targetProxy = 2CA779BF1DC2E10200BDDBD7 /* PBXContainerItemProxy */;
		};
		2CA779CB1DC2E10200BDDBD7 /* PBXTargetDependency */ = {
			isa = PBXTargetDependency;
			target = 2CA779A91DC2E10100BDDBD7 /* webview */;
			targetProxy = 2CA779CA1DC2E10200BDDBD7 /* PBXContainerItemProxy */;
		};
/* End PBXTargetDependency section */

/* Begin PBXVariantGroup section */
		2CA779B11DC2E10200BDDBD7 /* Main.storyboard */ = {
			isa = PBXVariantGroup;
			children = (
				2CA779B21DC2E10200BDDBD7 /* Base */,
			);
			name = Main.storyboard;
			sourceTree = "<group>";
		};
		2CA779B61DC2E10200BDDBD7 /* LaunchScreen.storyboard */ = {
			isa = PBXVariantGroup;
			children = (
				2CA779B71DC2E10200BDDBD7 /* Base */,
			);
			name = LaunchScreen.storyboard;
			sourceTree = "<group>";
		};
/* End PBXVariantGroup section */

/* Begin XCBuildConfiguration section */
		2CA779D01DC2E10200BDDBD7 /* Debug */ = {
			isa = XCBuildConfiguration;
			buildSettings = {
				ALWAYS_SEARCH_USER_PATHS = NO;
				CLANG_ANALYZER_NONNULL = YES;
				CLANG_CXX_LANGUAGE_STANDARD = "gnu++0x";
				CLANG_CXX_LIBRARY = "libc++";
				CLANG_ENABLE_MODULES = YES;
				CLANG_ENABLE_OBJC_ARC = YES;
				CLANG_WARN_BOOL_CONVERSION = YES;
				CLANG_WARN_CONSTANT_CONVERSION = YES;
				CLANG_WARN_DIRECT_OBJC_ISA_USAGE = YES_ERROR;
				CLANG_WARN_EMPTY_BODY = YES;
				CLANG_WARN_ENUM_CONVERSION = YES;
				CLANG_WARN_INT_CONVERSION = YES;
				CLANG_WARN_OBJC_ROOT_CLASS = YES_ERROR;
				CLANG_WARN_UNREACHABLE_CODE = YES;
				CLANG_WARN__DUPLICATE_METHOD_MATCH = YES;
				"CODE_SIGN_IDENTITY[sdk=iphoneos*]" = "iPhone Developer";
				COPY_PHASE_STRIP = NO;
				DEBUG_INFORMATION_FORMAT = dwarf;
				ENABLE_STRICT_OBJC_MSGSEND = YES;
				ENABLE_TESTABILITY = YES;
				GCC_C_LANGUAGE_STANDARD = gnu99;
				GCC_DYNAMIC_NO_PIC = NO;
				GCC_NO_COMMON_BLOCKS = YES;
				GCC_OPTIMIZATION_LEVEL = 0;
				GCC_PREPROCESSOR_DEFINITIONS = (
					"DEBUG=1",
					"$(inherited)",
				);
				GCC_WARN_64_TO_32_BIT_CONVERSION = YES;
				GCC_WARN_ABOUT_RETURN_TYPE = YES_ERROR;
				GCC_WARN_UNDECLARED_SELECTOR = YES;
				GCC_WARN_UNINITIALIZED_AUTOS = YES_AGGRESSIVE;
				GCC_WARN_UNUSED_FUNCTION = YES;
				GCC_WARN_UNUSED_VARIABLE = YES;
				IPHONEOS_DEPLOYMENT_TARGET = 9.3;
				MTL_ENABLE_DEBUG_INFO = YES;
				ONLY_ACTIVE_ARCH = YES;
				SDKROOT = iphoneos;
				SWIFT_OPTIMIZATION_LEVEL = "-Onone";
			};
			name = Debug;
		};
		2CA779D11DC2E10200BDDBD7 /* Release */ = {
			isa = XCBuildConfiguration;
			buildSettings = {
				ALWAYS_SEARCH_USER_PATHS = NO;
				CLANG_ANALYZER_NONNULL = YES;
				CLANG_CXX_LANGUAGE_STANDARD = "gnu++0x";
				CLANG_CXX_LIBRARY = "libc++";
				CLANG_ENABLE_MODULES = YES;
				CLANG_ENABLE_OBJC_ARC = YES;
				CLANG_WARN_BOOL_CONVERSION = YES;
				CLANG_WARN_CONSTANT_CONVERSION = YES;
				CLANG_WARN_DIRECT_OBJC_ISA_USAGE = YES_ERROR;
				CLANG_WARN_EMPTY_BODY = YES;
				CLANG_WARN_ENUM_CONVERSION = YES;
				CLANG_WARN_INT_CONVERSION = YES;
				CLANG_WARN_OBJC_ROOT_CLASS = YES_ERROR;
				CLANG_WARN_UNREACHABLE_CODE = YES;
				CLANG_WARN__DUPLICATE_METHOD_MATCH = YES;
				"CODE_SIGN_IDENTITY[sdk=iphoneos*]" = "iPhone Developer";
				COPY_PHASE_STRIP = NO;
				DEBUG_INFORMATION_FORMAT = "dwarf-with-dsym";
				ENABLE_NS_ASSERTIONS = NO;
				ENABLE_STRICT_OBJC_MSGSEND = YES;
				GCC_C_LANGUAGE_STANDARD = gnu99;
				GCC_NO_COMMON_BLOCKS = YES;
				GCC_WARN_64_TO_32_BIT_CONVERSION = YES;
				GCC_WARN_ABOUT_RETURN_TYPE = YES_ERROR;
				GCC_WARN_UNDECLARED_SELECTOR = YES;
				GCC_WARN_UNINITIALIZED_AUTOS = YES_AGGRESSIVE;
				GCC_WARN_UNUSED_FUNCTION = YES;
				GCC_WARN_UNUSED_VARIABLE = YES;
				IPHONEOS_DEPLOYMENT_TARGET = 9.3;
				MTL_ENABLE_DEBUG_INFO = NO;
				SDKROOT = iphoneos;
				VALIDATE_PRODUCT = YES;
			};
			name = Release;
		};
		2CA779D31DC2E10200BDDBD7 /* Debug */ = {
			isa = XCBuildConfiguration;
			buildSettings = {
				ASSETCATALOG_COMPILER_APPICON_NAME = AppIcon;
				INFOPLIST_FILE = webview/Info.plist;
				LD_RUNPATH_SEARCH_PATHS = "$(inherited) @executable_path/Frameworks";
				PRODUCT_BUNDLE_IDENTIFIER = com.vatshal.webview;
				PRODUCT_NAME = "$(TARGET_NAME)";
			};
			name = Debug;
		};
		2CA779D41DC2E10200BDDBD7 /* Release */ = {
			isa = XCBuildConfiguration;
			buildSettings = {
				ASSETCATALOG_COMPILER_APPICON_NAME = AppIcon;
				INFOPLIST_FILE = webview/Info.plist;
				LD_RUNPATH_SEARCH_PATHS = "$(inherited) @executable_path/Frameworks";
				PRODUCT_BUNDLE_IDENTIFIER = com.vatshal.webview;
				PRODUCT_NAME = "$(TARGET_NAME)";
			};
			name = Release;
		};
		2CA779D61DC2E10200BDDBD7 /* Debug */ = {
			isa = XCBuildConfiguration;
			buildSettings = {
				BUNDLE_LOADER = "$(TEST_HOST)";
				INFOPLIST_FILE = webviewTests/Info.plist;
				LD_RUNPATH_SEARCH_PATHS = "$(inherited) @executable_path/Frameworks @loader_path/Frameworks";
				PRODUCT_BUNDLE_IDENTIFIER = com.vatshal.webviewTests;
				PRODUCT_NAME = "$(TARGET_NAME)";
				TEST_HOST = "$(BUILT_PRODUCTS_DIR)/webview.app/webview";
			};
			name = Debug;
		};
		2CA779D71DC2E10200BDDBD7 /* Release */ = {
			isa = XCBuildConfiguration;
			buildSettings = {
				BUNDLE_LOADER = "$(TEST_HOST)";
				INFOPLIST_FILE = webviewTests/Info.plist;
				LD_RUNPATH_SEARCH_PATHS = "$(inherited) @executable_path/Frameworks @loader_path/Frameworks";
				PRODUCT_BUNDLE_IDENTIFIER = com.vatshal.webviewTests;
				PRODUCT_NAME = "$(TARGET_NAME)";
				TEST_HOST = "$(BUILT_PRODUCTS_DIR)/webview.app/webview";
			};
			name = Release;
		};
		2CA779D91DC2E10200BDDBD7 /* Debug */ = {
			isa = XCBuildConfiguration;
			buildSettings = {
				INFOPLIST_FILE = webviewUITests/Info.plist;
				LD_RUNPATH_SEARCH_PATHS = "$(inherited) @executable_path/Frameworks @loader_path/Frameworks";
				PRODUCT_BUNDLE_IDENTIFIER = com.vatshal.webviewUITests;
				PRODUCT_NAME = "$(TARGET_NAME)";
				TEST_TARGET_NAME = webview;
			};
			name = Debug;
		};
		2CA779DA1DC2E10200BDDBD7 /* Release */ = {
			isa = XCBuildConfiguration;
			buildSettings = {
				INFOPLIST_FILE = webviewUITests/Info.plist;
				LD_RUNPATH_SEARCH_PATHS = "$(inherited) @executable_path/Frameworks @loader_path/Frameworks";
				PRODUCT_BUNDLE_IDENTIFIER = com.vatshal.webviewUITests;
				PRODUCT_NAME = "$(TARGET_NAME)";
				TEST_TARGET_NAME = webview;
			};
			name = Release;
		};
/* End XCBuildConfiguration section */

/* Begin XCConfigurationList section */
		2CA779A51DC2E10100BDDBD7 /* Build configuration list for PBXProject "webview" */ = {
			isa = XCConfigurationList;
			buildConfigurations = (
				2CA779D01DC2E10200BDDBD7 /* Debug */,
				2CA779D11DC2E10200BDDBD7 /* Release */,
			);
			defaultConfigurationIsVisible = 0;
			defaultConfigurationName = Release;
		};
		2CA779D21DC2E10200BDDBD7 /* Build configuration list for PBXNativeTarget "webview" */ = {
			isa = XCConfigurationList;
			buildConfigurations = (
				2CA779D31DC2E10200BDDBD7 /* Debug */,
				2CA779D41DC2E10200BDDBD7 /* Release */,
			);
			defaultConfigurationIsVisible = 0;
		};
		2CA779D51DC2E10200BDDBD7 /* Build configuration list for PBXNativeTarget "webviewTests" */ = {
			isa = XCConfigurationList;
			buildConfigurations = (
				2CA779D61DC2E10200BDDBD7 /* Debug */,
				2CA779D71DC2E10200BDDBD7 /* Release */,
			);
			defaultConfigurationIsVisible = 0;
		};
		2CA779D81DC2E10200BDDBD7 /* Build configuration list for PBXNativeTarget "webviewUITests" */ = {
			isa = XCConfigurationList;
			buildConfigurations = (
				2CA779D91DC2E10200BDDBD7 /* Debug */,
				2CA779DA1DC2E10200BDDBD7 /* Release */,
			);
			defaultConfigurationIsVisible = 0;
		};
/* End XCConfigurationList section */
	};
	rootObject = 2CA779A21DC2E10100BDDBD7 /* Project object */;
}
